// !$*UTF8*$!
{
	archiveVersion = 1;
	classes = {
	};
	objectVersion = 46;
	objects = {

/* Begin PBXBuildFile section */
		01C34B9BAB4655692C21CBC4 /* Pods_Week5Assessment.framework in Frameworks */ = {isa = PBXBuildFile; fileRef = 045EE41EF7030231ED087842 /* Pods_Week5Assessment.framework */; };
		8A169C8A1E5FCEE000F23533 /* AppDelegate.swift in Sources */ = {isa = PBXBuildFile; fileRef = 8A169C891E5FCEE000F23533 /* AppDelegate.swift */; };
		8A169C8C1E5FCEE100F23533 /* ViewController.swift in Sources */ = {isa = PBXBuildFile; fileRef = 8A169C8B1E5FCEE100F23533 /* ViewController.swift */; };
		8A169C8F1E5FCEE100F23533 /* Main.storyboard in Resources */ = {isa = PBXBuildFile; fileRef = 8A169C8D1E5FCEE100F23533 /* Main.storyboard */; };
		8A169C911E5FCEE200F23533 /* Assets.xcassets in Resources */ = {isa = PBXBuildFile; fileRef = 8A169C901E5FCEE200F23533 /* Assets.xcassets */; };
		8A169C941E5FCEE200F23533 /* LaunchScreen.storyboard in Resources */ = {isa = PBXBuildFile; fileRef = 8A169C921E5FCEE200F23533 /* LaunchScreen.storyboard */; };
		8A169C9D1E5FD1BC00F23533 /* MapKit.framework in Frameworks */ = {isa = PBXBuildFile; fileRef = 8A169C9C1E5FD1BC00F23533 /* MapKit.framework */; };
		8A169C9F1E5FD1C300F23533 /* CoreLocation.framework in Frameworks */ = {isa = PBXBuildFile; fileRef = 8A169C9E1E5FD1C300F23533 /* CoreLocation.framework */; };
		8A169CA11E5FDEA200F23533 /* TableViewController.swift in Sources */ = {isa = PBXBuildFile; fileRef = 8A169CA01E5FDEA100F23533 /* TableViewController.swift */; };
		8ADFD42C1E5FF0AC007D9DA2 /* BikeStation.swift in Sources */ = {isa = PBXBuildFile; fileRef = 8ADFD42B1E5FF0AC007D9DA2 /* BikeStation.swift */; };
/* End PBXBuildFile section */

/* Begin PBXFileReference section */
		045EE41EF7030231ED087842 /* Pods_Week5Assessment.framework */ = {isa = PBXFileReference; explicitFileType = wrapper.framework; includeInIndex = 0; path = Pods_Week5Assessment.framework; sourceTree = BUILT_PRODUCTS_DIR; };
		0D5C9857FB4041F965625E26 /* Pods-Week5Assessment.debug.xcconfig */ = {isa = PBXFileReference; includeInIndex = 1; lastKnownFileType = text.xcconfig; name = "Pods-Week5Assessment.debug.xcconfig"; path = "Pods/Target Support Files/Pods-Week5Assessment/Pods-Week5Assessment.debug.xcconfig"; sourceTree = "<group>"; };
		8A169C861E5FCEE000F23533 /* Week5Assessment.app */ = {isa = PBXFileReference; explicitFileType = wrapper.application; includeInIndex = 0; path = Week5Assessment.app; sourceTree = BUILT_PRODUCTS_DIR; };
		8A169C891E5FCEE000F23533 /* AppDelegate.swift */ = {isa = PBXFileReference; lastKnownFileType = sourcecode.swift; path = AppDelegate.swift; sourceTree = "<group>"; };
		8A169C8B1E5FCEE100F23533 /* ViewController.swift */ = {isa = PBXFileReference; lastKnownFileType = sourcecode.swift; path = ViewController.swift; sourceTree = "<group>"; };
		8A169C8E1E5FCEE100F23533 /* Base */ = {isa = PBXFileReference; lastKnownFileType = file.storyboard; name = Base; path = Base.lproj/Main.storyboard; sourceTree = "<group>"; };
		8A169C901E5FCEE200F23533 /* Assets.xcassets */ = {isa = PBXFileReference; lastKnownFileType = folder.assetcatalog; path = Assets.xcassets; sourceTree = "<group>"; };
		8A169C931E5FCEE200F23533 /* Base */ = {isa = PBXFileReference; lastKnownFileType = file.storyboard; name = Base; path = Base.lproj/LaunchScreen.storyboard; sourceTree = "<group>"; };
		8A169C951E5FCEE200F23533 /* Info.plist */ = {isa = PBXFileReference; lastKnownFileType = text.plist.xml; path = Info.plist; sourceTree = "<group>"; };
		8A169C9C1E5FD1BC00F23533 /* MapKit.framework */ = {isa = PBXFileReference; lastKnownFileType = wrapper.framework; name = MapKit.framework; path = System/Library/Frameworks/MapKit.framework; sourceTree = SDKROOT; };
		8A169C9E1E5FD1C300F23533 /* CoreLocation.framework */ = {isa = PBXFileReference; lastKnownFileType = wrapper.framework; name = CoreLocation.framework; path = System/Library/Frameworks/CoreLocation.framework; sourceTree = SDKROOT; };
		8A169CA01E5FDEA100F23533 /* TableViewController.swift */ = {isa = PBXFileReference; fileEncoding = 4; lastKnownFileType = sourcecode.swift; path = TableViewController.swift; sourceTree = "<group>"; };
		8ADFD42B1E5FF0AC007D9DA2 /* BikeStation.swift */ = {isa = PBXFileReference; fileEncoding = 4; lastKnownFileType = sourcecode.swift; path = BikeStation.swift; sourceTree = "<group>"; };
		D746F3713FF010EA777459A7 /* Pods-Week5Assessment.release.xcconfig */ = {isa = PBXFileReference; includeInIndex = 1; lastKnownFileType = text.xcconfig; name = "Pods-Week5Assessment.release.xcconfig"; path = "Pods/Target Support Files/Pods-Week5Assessment/Pods-Week5Assessment.release.xcconfig"; sourceTree = "<group>"; };
/* End PBXFileReference section */

/* Begin PBXFrameworksBuildPhase section */
		8A169C831E5FCEDF00F23533 /* Frameworks */ = {
			isa = PBXFrameworksBuildPhase;
			buildActionMask = 2147483647;
			files = (
				8A169C9F1E5FD1C300F23533 /* CoreLocation.framework in Frameworks */,
				8A169C9D1E5FD1BC00F23533 /* MapKit.framework in Frameworks */,
				01C34B9BAB4655692C21CBC4 /* Pods_Week5Assessment.framework in Frameworks */,
			);
			runOnlyForDeploymentPostprocessing = 0;
		};
/* End PBXFrameworksBuildPhase section */

/* Begin PBXGroup section */
		162B7095484F28C7BDFA443D /* Pods */ = {
			isa = PBXGroup;
			children = (
				0D5C9857FB4041F965625E26 /* Pods-Week5Assessment.debug.xcconfig */,
				D746F3713FF010EA777459A7 /* Pods-Week5Assessment.release.xcconfig */,
			);
			name = Pods;
			sourceTree = "<group>";
		};
		8A169C7D1E5FCEDD00F23533 = {
			isa = PBXGroup;
			children = (
				8A169C881E5FCEE000F23533 /* Week5Assessment */,
				8A169C871E5FCEE000F23533 /* Products */,
				8A169C9B1E5FD1BB00F23533 /* Frameworks */,
				162B7095484F28C7BDFA443D /* Pods */,
			);
			sourceTree = "<group>";
		};
		8A169C871E5FCEE000F23533 /* Products */ = {
			isa = PBXGroup;
			children = (
				8A169C861E5FCEE000F23533 /* Week5Assessment.app */,
			);
			name = Products;
			sourceTree = "<group>";
		};
		8A169C881E5FCEE000F23533 /* Week5Assessment */ = {
			isa = PBXGroup;
			children = (
				8A169C891E5FCEE000F23533 /* AppDelegate.swift */,
				8A169C8B1E5FCEE100F23533 /* ViewController.swift */,
				8A169CA01E5FDEA100F23533 /* TableViewController.swift */,
				8ADFD42B1E5FF0AC007D9DA2 /* BikeStation.swift */,
				8A169C8D1E5FCEE100F23533 /* Main.storyboard */,
				8A169C901E5FCEE200F23533 /* Assets.xcassets */,
				8A169C921E5FCEE200F23533 /* LaunchScreen.storyboard */,
				8A169C951E5FCEE200F23533 /* Info.plist */,
			);
			path = Week5Assessment;
			sourceTree = "<group>";
		};
		8A169C9B1E5FD1BB00F23533 /* Frameworks */ = {
			isa = PBXGroup;
			children = (
				8A169C9E1E5FD1C300F23533 /* CoreLocation.framework */,
				8A169C9C1E5FD1BC00F23533 /* MapKit.framework */,
				045EE41EF7030231ED087842 /* Pods_Week5Assessment.framework */,
			);
			name = Frameworks;
			sourceTree = "<group>";
		};
/* End PBXGroup section */

/* Begin PBXNativeTarget section */
		8A169C851E5FCEDF00F23533 /* Week5Assessment */ = {
			isa = PBXNativeTarget;
			buildConfigurationList = 8A169C981E5FCEE200F23533 /* Build configuration list for PBXNativeTarget "Week5Assessment" */;
			buildPhases = (
				685480BBC7C4AFCA581D8838 /* [CP] Check Pods Manifest.lock */,
				8A169C821E5FCEDF00F23533 /* Sources */,
				8A169C831E5FCEDF00F23533 /* Frameworks */,
				8A169C841E5FCEDF00F23533 /* Resources */,
				F1D226E29D4000546473D3F9 /* [CP] Embed Pods Frameworks */,
				1803A34A794723C4BB3B4084 /* [CP] Copy Pods Resources */,
			);
			buildRules = (
			);
			dependencies = (
			);
			name = Week5Assessment;
			productName = Week5Assessment;
			productReference = 8A169C861E5FCEE000F23533 /* Week5Assessment.app */;
			productType = "com.apple.product-type.application";
		};
/* End PBXNativeTarget section */

/* Begin PBXProject section */
		8A169C7E1E5FCEDE00F23533 /* Project object */ = {
			isa = PBXProject;
			attributes = {
				LastSwiftUpdateCheck = 0820;
				LastUpgradeCheck = 0820;
				ORGANIZATIONNAME = NextAcademy;
				TargetAttributes = {
					8A169C851E5FCEDF00F23533 = {
						CreatedOnToolsVersion = 8.2.1;
						ProvisioningStyle = Automatic;
					};
				};
			};
			buildConfigurationList = 8A169C811E5FCEDE00F23533 /* Build configuration list for PBXProject "Week5Assessment" */;
			compatibilityVersion = "Xcode 3.2";
			developmentRegion = English;
			hasScannedForEncodings = 0;
			knownRegions = (
				en,
				Base,
			);
			mainGroup = 8A169C7D1E5FCEDD00F23533;
			productRefGroup = 8A169C871E5FCEE000F23533 /* Products */;
			projectDirPath = "";
			projectRoot = "";
			targets = (
				8A169C851E5FCEDF00F23533 /* Week5Assessment */,
			);
		};
/* End PBXProject section */

/* Begin PBXResourcesBuildPhase section */
		8A169C841E5FCEDF00F23533 /* Resources */ = {
			isa = PBXResourcesBuildPhase;
			buildActionMask = 2147483647;
			files = (
				8A169C941E5FCEE200F23533 /* LaunchScreen.storyboard in Resources */,
				8A169C911E5FCEE200F23533 /* Assets.xcassets in Resources */,
				8A169C8F1E5FCEE100F23533 /* Main.storyboard in Resources */,
			);
			runOnlyForDeploymentPostprocessing = 0;
		};
/* End PBXResourcesBuildPhase section */

/* Begin PBXShellScriptBuildPhase section */
		1803A34A794723C4BB3B4084 /* [CP] Copy Pods Resources */ = {
			isa = PBXShellScriptBuildPhase;
			buildActionMask = 2147483647;
			files = (
			);
			inputPaths = (
			);
			name = "[CP] Copy Pods Resources";
			outputPaths = (
			);
			runOnlyForDeploymentPostprocessing = 0;
			shellPath = /bin/sh;
			shellScript = "\"${SRCROOT}/Pods/Target Support Files/Pods-Week5Assessment/Pods-Week5Assessment-resources.sh\"\n";
			showEnvVarsInLog = 0;
		};
		685480BBC7C4AFCA581D8838 /* [CP] Check Pods Manifest.lock */ = {
			isa = PBXShellScriptBuildPhase;
			buildActionMask = 2147483647;
			files = (
			);
			inputPaths = (
			);
			name = "[CP] Check Pods Manifest.lock";
			outputPaths = (
			);
			runOnlyForDeploymentPostprocessing = 0;
			shellPath = /bin/sh;
			shellScript = "diff \"${PODS_ROOT}/../Podfile.lock\" \"${PODS_ROOT}/Manifest.lock\" > /dev/null\nif [ $? != 0 ] ; then\n    # print error to STDERR\n    echo \"error: The sandbox is not in sync with the Podfile.lock. Run 'pod install' or update your CocoaPods installation.\" >&2\n    exit 1\nfi\n";
			showEnvVarsInLog = 0;
		};
		F1D226E29D4000546473D3F9 /* [CP] Embed Pods Frameworks */ = {
			isa = PBXShellScriptBuildPhase;
			buildActionMask = 2147483647;
			files = (
			);
			inputPaths = (
			);
			name = "[CP] Embed Pods Frameworks";
			outputPaths = (
			);
			runOnlyForDeploymentPostprocessing = 0;
			shellPath = /bin/sh;
			shellScript = "\"${SRCROOT}/Pods/Target Support Files/Pods-Week5Assessment/Pods-Week5Assessment-frameworks.sh\"\n";
			showEnvVarsInLog = 0;
		};
/* End PBXShellScriptBuildPhase section */

/* Begin PBXSourcesBuildPhase section */
		8A169C821E5FCEDF00F23533 /* Sources */ = {
			isa = PBXSourcesBuildPhase;
			buildActionMask = 2147483647;
			files = (
				8A169C8C1E5FCEE100F23533 /* ViewController.swift in Sources */,
				8ADFD42C1E5FF0AC007D9DA2 /* BikeStation.swift in Sources */,
				8A169CA11E5FDEA200F23533 /* TableViewController.swift in Sources */,
				8A169C8A1E5FCEE000F23533 /* AppDelegate.swift in Sources */,
			);
			runOnlyForDeploymentPostprocessing = 0;
		};
/* End PBXSourcesBuildPhase section */

/* Begin PBXVariantGroup section */
		8A169C8D1E5FCEE100F23533 /* Main.storyboard */ = {
			isa = PBXVariantGroup;
			children = (
				8A169C8E1E5FCEE100F23533 /* Base */,
			);
			name = Main.storyboard;
			sourceTree = "<group>";
		};
		8A169C921E5FCEE200F23533 /* LaunchScreen.storyboard */ = {
			isa = PBXVariantGroup;
			children = (
				8A169C931E5FCEE200F23533 /* Base */,
			);
			name = LaunchScreen.storyboard;
			sourceTree = "<group>";
		};
/* End PBXVariantGroup section */

/* Begin XCBuildConfiguration section */
		8A169C961E5FCEE200F23533 /* Debug */ = {
			isa = XCBuildConfiguration;
			buildSettings = {
				ALWAYS_SEARCH_USER_PATHS = NO;
				CLANG_ANALYZER_NONNULL = YES;
				CLANG_CXX_LANGUAGE_STANDARD = "gnu++0x";
				CLANG_CXX_LIBRARY = "libc++";
				CLANG_ENABLE_MODULES = YES;
				CLANG_ENABLE_OBJC_ARC = YES;
				CLANG_WARN_BOOL_CONVERSION = YES;
				CLANG_WARN_CONSTANT_CONVERSION = YES;
				CLANG_WARN_DIRECT_OBJC_ISA_USAGE = YES_ERROR;
				CLANG_WARN_DOCUMENTATION_COMMENTS = YES;
				CLANG_WARN_EMPTY_BODY = YES;
				CLANG_WARN_ENUM_CONVERSION = YES;
				CLANG_WARN_INFINITE_RECURSION = YES;
				CLANG_WARN_INT_CONVERSION = YES;
				CLANG_WARN_OBJC_ROOT_CLASS = YES_ERROR;
				CLANG_WARN_SUSPICIOUS_MOVE = YES;
				CLANG_WARN_UNREACHABLE_CODE = YES;
				CLANG_WARN__DUPLICATE_METHOD_MATCH = YES;
				"CODE_SIGN_IDENTITY[sdk=iphoneos*]" = "iPhone Developer";
				COPY_PHASE_STRIP = NO;
				DEBUG_INFORMATION_FORMAT = dwarf;
				ENABLE_STRICT_OBJC_MSGSEND = YES;
				ENABLE_TESTABILITY = YES;
				GCC_C_LANGUAGE_STANDARD = gnu99;
				GCC_DYNAMIC_NO_PIC = NO;
				GCC_NO_COMMON_BLOCKS = YES;
				GCC_OPTIMIZATION_LEVEL = 0;
				GCC_PREPROCESSOR_DEFINITIONS = (
					"DEBUG=1",
					"$(inherited)",
				);
				GCC_WARN_64_TO_32_BIT_CONVERSION = YES;
				GCC_WARN_ABOUT_RETURN_TYPE = YES_ERROR;
				GCC_WARN_UNDECLARED_SELECTOR = YES;
				GCC_WARN_UNINITIALIZED_AUTOS = YES_AGGRESSIVE;
				GCC_WARN_UNUSED_FUNCTION = YES;
				GCC_WARN_UNUSED_VARIABLE = YES;
				IPHONEOS_DEPLOYMENT_TARGET = 10.2;
				MTL_ENABLE_DEBUG_INFO = YES;
				ONLY_ACTIVE_ARCH = YES;
				SDKROOT = iphoneos;
				SWIFT_ACTIVE_COMPILATION_CONDITIONS = DEBUG;
				SWIFT_OPTIMIZATION_LEVEL = "-Onone";
			};
			name = Debug;
		};
		8A169C971E5FCEE200F23533 /* Release */ = {
			isa = XCBuildConfiguration;
			buildSettings = {
				ALWAYS_SEARCH_USER_PATHS = NO;
				CLANG_ANALYZER_NONNULL = YES;
				CLANG_CXX_LANGUAGE_STANDARD = "gnu++0x";
				CLANG_CXX_LIBRARY = "libc++";
				CLANG_ENABLE_MODULES = YES;
				CLANG_ENABLE_OBJC_ARC = YES;
				CLANG_WARN_BOOL_CONVERSION = YES;
				CLANG_WARN_CONSTANT_CONVERSION = YES;
				CLANG_WARN_DIRECT_OBJC_ISA_USAGE = YES_ERROR;
				CLANG_WARN_DOCUMENTATION_COMMENTS = YES;
				CLANG_WARN_EMPTY_BODY = YES;
				CLANG_WARN_ENUM_CONVERSION = YES;
				CLANG_WARN_INFINITE_RECURSION = YES;
				CLANG_WARN_INT_CONVERSION = YES;
				CLANG_WARN_OBJC_ROOT_CLASS = YES_ERROR;
				CLANG_WARN_SUSPICIOUS_MOVE = YES;
				CLANG_WARN_UNREACHABLE_CODE = YES;
				CLANG_WARN__DUPLICATE_METHOD_MATCH = YES;
				"CODE_SIGN_IDENTITY[sdk=iphoneos*]" = "iPhone Developer";
				COPY_PHASE_STRIP = NO;
				DEBUG_INFORMATION_FORMAT = "dwarf-with-dsym";
				ENABLE_NS_ASSERTIONS = NO;
				ENABLE_STRICT_OBJC_MSGSEND = YES;
				GCC_C_LANGUAGE_STANDARD = gnu99;
				GCC_NO_COMMON_BLOCKS = YES;
				GCC_WARN_64_TO_32_BIT_CONVERSION = YES;
				GCC_WARN_ABOUT_RETURN_TYPE = YES_ERROR;
				GCC_WARN_UNDECLARED_SELECTOR = YES;
				GCC_WARN_UNINITIALIZED_AUTOS = YES_AGGRESSIVE;
				GCC_WARN_UNUSED_FUNCTION = YES;
				GCC_WARN_UNUSED_VARIABLE = YES;
				IPHONEOS_DEPLOYMENT_TARGET = 10.2;
				MTL_ENABLE_DEBUG_INFO = NO;
				SDKROOT = iphoneos;
				SWIFT_OPTIMIZATION_LEVEL = "-Owholemodule";
				VALIDATE_PRODUCT = YES;
			};
			name = Release;
		};
		8A169C991E5FCEE200F23533 /* Debug */ = {
			isa = XCBuildConfiguration;
			baseConfigurationReference = 0D5C9857FB4041F965625E26 /* Pods-Week5Assessment.debug.xcconfig */;
			buildSettings = {
				ASSETCATALOG_COMPILER_APPICON_NAME = AppIcon;
				INFOPLIST_FILE = Week5Assessment/Info.plist;
				LD_RUNPATH_SEARCH_PATHS = "$(inherited) @executable_path/Frameworks";
				PRODUCT_BUNDLE_IDENTIFIER = com.charlesyangkai.Week5Assessment;
				PRODUCT_NAME = "$(TARGET_NAME)";
				SWIFT_VERSION = 3.0;
			};
			name = Debug;
		};
		8A169C9A1E5FCEE200F23533 /* Release */ = {
			isa = XCBuildConfiguration;
			baseConfigurationReference = D746F3713FF010EA777459A7 /* Pods-Week5Assessment.release.xcconfig */;
			buildSettings = {
				ASSETCATALOG_COMPILER_APPICON_NAME = AppIcon;
				INFOPLIST_FILE = Week5Assessment/Info.plist;
				LD_RUNPATH_SEARCH_PATHS = "$(inherited) @executable_path/Frameworks";
				PRODUCT_BUNDLE_IDENTIFIER = com.charlesyangkai.Week5Assessment;
				PRODUCT_NAME = "$(TARGET_NAME)";
				SWIFT_VERSION = 3.0;
			};
			name = Release;
		};
/* End XCBuildConfiguration section */

/* Begin XCConfigurationList section */
		8A169C811E5FCEDE00F23533 /* Build configuration list for PBXProject "Week5Assessment" */ = {
			isa = XCConfigurationList;
			buildConfigurations = (
				8A169C961E5FCEE200F23533 /* Debug */,
				8A169C971E5FCEE200F23533 /* Release */,
			);
			defaultConfigurationIsVisible = 0;
			defaultConfigurationName = Release;
		};
		8A169C981E5FCEE200F23533 /* Build configuration list for PBXNativeTarget "Week5Assessment" */ = {
			isa = XCConfigurationList;
			buildConfigurations = (
				8A169C991E5FCEE200F23533 /* Debug */,
				8A169C9A1E5FCEE200F23533 /* Release */,
			);
			defaultConfigurationIsVisible = 0;
			defaultConfigurationName = Release;
		};
/* End XCConfigurationList section */
	};
	rootObject = 8A169C7E1E5FCEDE00F23533 /* Project object */;
}
